
Microsoft Visual Studio Solution File, Format Version 12.00
# Visual Studio Version 17
VisualStudioVersion = 17.9.34723.18
MinimumVisualStudioVersion = 10.0.40219.1
Project("{FAE04EC0-301F-11D3-BF4B-00C04F79EFBC}") = "TradingBackTester", "TradingBackTester\TradingBackTester.csproj", "{A83B4D9C-9A19-48DE-B179-49DC01B297D8}"
EndProject
Project("{9A19103F-16F7-4668-BE54-9A1E7A4F7556}") = "CSharpAPI", "..\CSharpClient\client\CSharpAPI.csproj", "{7FC06593-2BAD-4417-9304-B53D26F7E8A9}"
EndProject
Global
	GlobalSection(SolutionConfigurationPlatforms) = preSolution
		Debug|Any CPU = Debug|Any CPU
		Release|Any CPU = Release|Any CPU
	EndGlobalSection
	GlobalSection(ProjectConfigurationPlatforms) = postSolution
		{A83B4D9C-9A19-48DE-B179-49DC01B297D8}.Debug|Any CPU.ActiveCfg = Debug|Any CPU
		{A83B4D9C-9A19-48DE-B179-49DC01B297D8}.Debug|Any CPU.Build.0 = Debug|Any CPU
		{A83B4D9C-9A19-48DE-B179-49DC01B297D8}.Release|Any CPU.ActiveCfg = Release|Any CPU
		{A83B4D9C-9A19-48DE-B179-49DC01B297D8}.Release|Any CPU.Build.0 = Release|Any CPU
		{7FC06593-2BAD-4417-9304-B53D26F7E8A9}.Debug|Any CPU.ActiveCfg = Debug|Any CPU
		{7FC06593-2BAD-4417-9304-B53D26F7E8A9}.Debug|Any CPU.Build.0 = Debug|Any CPU
		{7FC06593-2BAD-4417-9304-B53D26F7E8A9}.Release|Any CPU.ActiveCfg = Release|Any CPU
		{7FC06593-2BAD-4417-9304-B53D26F7E8A9}.Release|Any CPU.Build.0 = Release|Any CPU
	EndGlobalSection
	GlobalSection(SolutionProperties) = preSolution
		HideSolutionNode = FALSE
	EndGlobalSection
	GlobalSection(ExtensibilityGlobals) = postSolution
		SolutionGuid = {9B98E673-24CE-4512-B2FB-B646156E6497}
	EndGlobalSection
EndGlobal
